// !$*UTF8*$!
{
	archiveVersion = 1;
	classes = {
	};
	objectVersion = 56;
	objects = {

/* Begin PBXBuildFile section */
		ABBC6EDC2A56BBA8009D655C /* AppDelegate.swift in Sources */ = {isa = PBXBuildFile; fileRef = ABBC6EDB2A56BBA8009D655C /* AppDelegate.swift */; };
		ABBC6EDE2A56BBA8009D655C /* SceneDelegate.swift in Sources */ = {isa = PBXBuildFile; fileRef = ABBC6EDD2A56BBA8009D655C /* SceneDelegate.swift */; };
		ABBC6EE02A56BBA8009D655C /* HomeViewController.swift in Sources */ = {isa = PBXBuildFile; fileRef = ABBC6EDF2A56BBA8009D655C /* HomeViewController.swift */; };
		ABBC6EE62A56BBA8009D655C /* BookShop.xcdatamodeld in Sources */ = {isa = PBXBuildFile; fileRef = ABBC6EE42A56BBA8009D655C /* BookShop.xcdatamodeld */; };
		ABBC6EE82A56BBAD009D655C /* Assets.xcassets in Resources */ = {isa = PBXBuildFile; fileRef = ABBC6EE72A56BBAD009D655C /* Assets.xcassets */; };
		ABBC6EEB2A56BBAD009D655C /* LaunchScreen.storyboard in Resources */ = {isa = PBXBuildFile; fileRef = ABBC6EE92A56BBAD009D655C /* LaunchScreen.storyboard */; };
		ABBC6EF32A56BE5F009D655C /* NetworkSettings.swift in Sources */ = {isa = PBXBuildFile; fileRef = ABBC6EF22A56BE5F009D655C /* NetworkSettings.swift */; };
		ABBC6EF62A56C2C7009D655C /* CategoriesManager.swift in Sources */ = {isa = PBXBuildFile; fileRef = ABBC6EF52A56C2C7009D655C /* CategoriesManager.swift */; };
		ABBC6EF82A56CEB9009D655C /* Categories.swift in Sources */ = {isa = PBXBuildFile; fileRef = ABBC6EF72A56CEB9009D655C /* Categories.swift */; };
		ABBC6EFA2A56D145009D655C /* Category.swift in Sources */ = {isa = PBXBuildFile; fileRef = ABBC6EF92A56D145009D655C /* Category.swift */; };
		ABBC6EFD2A56D8F4009D655C /* HomeViewModel.swift in Sources */ = {isa = PBXBuildFile; fileRef = ABBC6EFC2A56D8F4009D655C /* HomeViewModel.swift */; };
		ABBC6F002A56D925009D655C /* CellModel.swift in Sources */ = {isa = PBXBuildFile; fileRef = ABBC6EFF2A56D925009D655C /* CellModel.swift */; };
		ABBC6F022A570142009D655C /* HomeViewModelProtocol.swift in Sources */ = {isa = PBXBuildFile; fileRef = ABBC6F012A570142009D655C /* HomeViewModelProtocol.swift */; };
		ABBC6F062A57034C009D655C /* HomeTableViewCell.swift in Sources */ = {isa = PBXBuildFile; fileRef = ABBC6F052A57034C009D655C /* HomeTableViewCell.swift */; };
		ABBC6F082A5710C8009D655C /* Router.swift in Sources */ = {isa = PBXBuildFile; fileRef = ABBC6F072A5710C8009D655C /* Router.swift */; };
/* End PBXBuildFile section */

/* Begin PBXFileReference section */
		ABBC6ED82A56BBA8009D655C /* BookShop.app */ = {isa = PBXFileReference; explicitFileType = wrapper.application; includeInIndex = 0; path = BookShop.app; sourceTree = BUILT_PRODUCTS_DIR; };
		ABBC6EDB2A56BBA8009D655C /* AppDelegate.swift */ = {isa = PBXFileReference; lastKnownFileType = sourcecode.swift; path = AppDelegate.swift; sourceTree = "<group>"; };
		ABBC6EDD2A56BBA8009D655C /* SceneDelegate.swift */ = {isa = PBXFileReference; lastKnownFileType = sourcecode.swift; path = SceneDelegate.swift; sourceTree = "<group>"; };
		ABBC6EDF2A56BBA8009D655C /* HomeViewController.swift */ = {isa = PBXFileReference; lastKnownFileType = sourcecode.swift; path = HomeViewController.swift; sourceTree = "<group>"; };
		ABBC6EE52A56BBA8009D655C /* BookShop.xcdatamodel */ = {isa = PBXFileReference; lastKnownFileType = wrapper.xcdatamodel; path = BookShop.xcdatamodel; sourceTree = "<group>"; };
		ABBC6EE72A56BBAD009D655C /* Assets.xcassets */ = {isa = PBXFileReference; lastKnownFileType = folder.assetcatalog; path = Assets.xcassets; sourceTree = "<group>"; };
		ABBC6EEA2A56BBAD009D655C /* Base */ = {isa = PBXFileReference; lastKnownFileType = file.storyboard; name = Base; path = Base.lproj/LaunchScreen.storyboard; sourceTree = "<group>"; };
		ABBC6EEC2A56BBAD009D655C /* Info.plist */ = {isa = PBXFileReference; lastKnownFileType = text.plist.xml; path = Info.plist; sourceTree = "<group>"; };
		ABBC6EF22A56BE5F009D655C /* NetworkSettings.swift */ = {isa = PBXFileReference; lastKnownFileType = sourcecode.swift; path = NetworkSettings.swift; sourceTree = "<group>"; };
		ABBC6EF52A56C2C7009D655C /* CategoriesManager.swift */ = {isa = PBXFileReference; lastKnownFileType = sourcecode.swift; path = CategoriesManager.swift; sourceTree = "<group>"; };
		ABBC6EF72A56CEB9009D655C /* Categories.swift */ = {isa = PBXFileReference; lastKnownFileType = sourcecode.swift; path = Categories.swift; sourceTree = "<group>"; };
		ABBC6EF92A56D145009D655C /* Category.swift */ = {isa = PBXFileReference; lastKnownFileType = sourcecode.swift; path = Category.swift; sourceTree = "<group>"; };
		ABBC6EFC2A56D8F4009D655C /* HomeViewModel.swift */ = {isa = PBXFileReference; lastKnownFileType = sourcecode.swift; path = HomeViewModel.swift; sourceTree = "<group>"; };
		ABBC6EFF2A56D925009D655C /* CellModel.swift */ = {isa = PBXFileReference; lastKnownFileType = sourcecode.swift; path = CellModel.swift; sourceTree = "<group>"; };
		ABBC6F012A570142009D655C /* HomeViewModelProtocol.swift */ = {isa = PBXFileReference; lastKnownFileType = sourcecode.swift; path = HomeViewModelProtocol.swift; sourceTree = "<group>"; };
		ABBC6F052A57034C009D655C /* HomeTableViewCell.swift */ = {isa = PBXFileReference; lastKnownFileType = sourcecode.swift; path = HomeTableViewCell.swift; sourceTree = "<group>"; };
		ABBC6F072A5710C8009D655C /* Router.swift */ = {isa = PBXFileReference; lastKnownFileType = sourcecode.swift; path = Router.swift; sourceTree = "<group>"; };
/* End PBXFileReference section */

/* Begin PBXFrameworksBuildPhase section */
		ABBC6ED52A56BBA8009D655C /* Frameworks */ = {
			isa = PBXFrameworksBuildPhase;
			buildActionMask = 2147483647;
			files = (
			);
			runOnlyForDeploymentPostprocessing = 0;
		};
/* End PBXFrameworksBuildPhase section */

/* Begin PBXGroup section */
		ABBC6ECF2A56BBA8009D655C = {
			isa = PBXGroup;
			children = (
				ABBC6EDA2A56BBA8009D655C /* BookShop */,
				ABBC6ED92A56BBA8009D655C /* Products */,
			);
			sourceTree = "<group>";
		};
		ABBC6ED92A56BBA8009D655C /* Products */ = {
			isa = PBXGroup;
			children = (
				ABBC6ED82A56BBA8009D655C /* BookShop.app */,
			);
			name = Products;
			sourceTree = "<group>";
		};
		ABBC6EDA2A56BBA8009D655C /* BookShop */ = {
			isa = PBXGroup;
			children = (
				ABBC6EDB2A56BBA8009D655C /* AppDelegate.swift */,
				ABBC6EDD2A56BBA8009D655C /* SceneDelegate.swift */,
				ABBC6F072A5710C8009D655C /* Router.swift */,
				ABBC6F032A570159009D655C /* Screens */,
				ABBC6EF42A56BE64009D655C /* Helpers */,
				ABBC6EFB2A56D186009D655C /* Models */,
				ABBC6EE72A56BBAD009D655C /* Assets.xcassets */,
				ABBC6EE92A56BBAD009D655C /* LaunchScreen.storyboard */,
				ABBC6EEC2A56BBAD009D655C /* Info.plist */,
				ABBC6EE42A56BBA8009D655C /* BookShop.xcdatamodeld */,
			);
			path = BookShop;
			sourceTree = "<group>";
		};
		ABBC6EF42A56BE64009D655C /* Helpers */ = {
			isa = PBXGroup;
			children = (
				ABBC6EF22A56BE5F009D655C /* NetworkSettings.swift */,
				ABBC6EF52A56C2C7009D655C /* CategoriesManager.swift */,
			);
			path = Helpers;
			sourceTree = "<group>";
		};
		ABBC6EFB2A56D186009D655C /* Models */ = {
			isa = PBXGroup;
			children = (
				ABBC6EFF2A56D925009D655C /* CellModel.swift */,
				ABBC6EFE2A56D900009D655C /* Categories */,
			);
			path = Models;
			sourceTree = "<group>";
		};
		ABBC6EFE2A56D900009D655C /* Categories */ = {
			isa = PBXGroup;
			children = (
				ABBC6EF72A56CEB9009D655C /* Categories.swift */,
				ABBC6EF92A56D145009D655C /* Category.swift */,
			);
			path = Categories;
			sourceTree = "<group>";
		};
		ABBC6F032A570159009D655C /* Screens */ = {
			isa = PBXGroup;
			children = (
				ABBC6F042A570166009D655C /* HomeScreen */,
			);
			path = Screens;
			sourceTree = "<group>";
		};
		ABBC6F042A570166009D655C /* HomeScreen */ = {
			isa = PBXGroup;
			children = (
				ABBC6EDF2A56BBA8009D655C /* HomeViewController.swift */,
				ABBC6EFC2A56D8F4009D655C /* HomeViewModel.swift */,
				ABBC6F012A570142009D655C /* HomeViewModelProtocol.swift */,
				ABBC6F052A57034C009D655C /* HomeTableViewCell.swift */,
			);
			path = HomeScreen;
			sourceTree = "<group>";
		};
/* End PBXGroup section */

/* Begin PBXNativeTarget section */
		ABBC6ED72A56BBA8009D655C /* BookShop */ = {
			isa = PBXNativeTarget;
			buildConfigurationList = ABBC6EEF2A56BBAD009D655C /* Build configuration list for PBXNativeTarget "BookShop" */;
			buildPhases = (
				ABBC6ED42A56BBA8009D655C /* Sources */,
				ABBC6ED52A56BBA8009D655C /* Frameworks */,
				ABBC6ED62A56BBA8009D655C /* Resources */,
			);
			buildRules = (
			);
			dependencies = (
			);
			name = BookShop;
			productName = BookShop;
			productReference = ABBC6ED82A56BBA8009D655C /* BookShop.app */;
			productType = "com.apple.product-type.application";
		};
/* End PBXNativeTarget section */

/* Begin PBXProject section */
		ABBC6ED02A56BBA8009D655C /* Project object */ = {
			isa = PBXProject;
			attributes = {
				BuildIndependentTargetsInParallel = 1;
				LastSwiftUpdateCheck = 1400;
				LastUpgradeCheck = 1400;
				TargetAttributes = {
					ABBC6ED72A56BBA8009D655C = {
						CreatedOnToolsVersion = 14.0.1;
					};
				};
			};
			buildConfigurationList = ABBC6ED32A56BBA8009D655C /* Build configuration list for PBXProject "BookShop" */;
			compatibilityVersion = "Xcode 14.0";
			developmentRegion = en;
			hasScannedForEncodings = 0;
			knownRegions = (
				en,
				Base,
			);
			mainGroup = ABBC6ECF2A56BBA8009D655C;
			productRefGroup = ABBC6ED92A56BBA8009D655C /* Products */;
			projectDirPath = "";
			projectRoot = "";
			targets = (
				ABBC6ED72A56BBA8009D655C /* BookShop */,
			);
		};
/* End PBXProject section */

/* Begin PBXResourcesBuildPhase section */
		ABBC6ED62A56BBA8009D655C /* Resources */ = {
			isa = PBXResourcesBuildPhase;
			buildActionMask = 2147483647;
			files = (
				ABBC6EEB2A56BBAD009D655C /* LaunchScreen.storyboard in Resources */,
				ABBC6EE82A56BBAD009D655C /* Assets.xcassets in Resources */,
			);
			runOnlyForDeploymentPostprocessing = 0;
		};
/* End PBXResourcesBuildPhase section */

/* Begin PBXSourcesBuildPhase section */
		ABBC6ED42A56BBA8009D655C /* Sources */ = {
			isa = PBXSourcesBuildPhase;
			buildActionMask = 2147483647;
			files = (
				ABBC6EF82A56CEB9009D655C /* Categories.swift in Sources */,
				ABBC6EFD2A56D8F4009D655C /* HomeViewModel.swift in Sources */,
				ABBC6EF32A56BE5F009D655C /* NetworkSettings.swift in Sources */,
				ABBC6F002A56D925009D655C /* CellModel.swift in Sources */,
				ABBC6EF62A56C2C7009D655C /* CategoriesManager.swift in Sources */,
				ABBC6EE02A56BBA8009D655C /* HomeViewController.swift in Sources */,
				ABBC6F062A57034C009D655C /* HomeTableViewCell.swift in Sources */,
				ABBC6EDC2A56BBA8009D655C /* AppDelegate.swift in Sources */,
				ABBC6F022A570142009D655C /* HomeViewModelProtocol.swift in Sources */,
				ABBC6EE62A56BBA8009D655C /* BookShop.xcdatamodeld in Sources */,
				ABBC6EDE2A56BBA8009D655C /* SceneDelegate.swift in Sources */,
				ABBC6EFA2A56D145009D655C /* Category.swift in Sources */,
				ABBC6F082A5710C8009D655C /* Router.swift in Sources */,
			);
			runOnlyForDeploymentPostprocessing = 0;
		};
/* End PBXSourcesBuildPhase section */

/* Begin PBXVariantGroup section */
		ABBC6EE92A56BBAD009D655C /* LaunchScreen.storyboard */ = {
			isa = PBXVariantGroup;
			children = (
				ABBC6EEA2A56BBAD009D655C /* Base */,
			);
			name = LaunchScreen.storyboard;
			sourceTree = "<group>";
		};
/* End PBXVariantGroup section */

/* Begin XCBuildConfiguration section */
		ABBC6EED2A56BBAD009D655C /* Debug */ = {
			isa = XCBuildConfiguration;
			buildSettings = {
				ALWAYS_SEARCH_USER_PATHS = NO;
				CLANG_ANALYZER_NONNULL = YES;
				CLANG_ANALYZER_NUMBER_OBJECT_CONVERSION = YES_AGGRESSIVE;
				CLANG_CXX_LANGUAGE_STANDARD = "gnu++20";
				CLANG_ENABLE_MODULES = YES;
				CLANG_ENABLE_OBJC_ARC = YES;
				CLANG_ENABLE_OBJC_WEAK = YES;
				CLANG_WARN_BLOCK_CAPTURE_AUTORELEASING = YES;
				CLANG_WARN_BOOL_CONVERSION = YES;
				CLANG_WARN_COMMA = YES;
				CLANG_WARN_CONSTANT_CONVERSION = YES;
				CLANG_WARN_DEPRECATED_OBJC_IMPLEMENTATIONS = YES;
				CLANG_WARN_DIRECT_OBJC_ISA_USAGE = YES_ERROR;
				CLANG_WARN_DOCUMENTATION_COMMENTS = YES;
				CLANG_WARN_EMPTY_BODY = YES;
				CLANG_WARN_ENUM_CONVERSION = YES;
				CLANG_WARN_INFINITE_RECURSION = YES;
				CLANG_WARN_INT_CONVERSION = YES;
				CLANG_WARN_NON_LITERAL_NULL_CONVERSION = YES;
				CLANG_WARN_OBJC_IMPLICIT_RETAIN_SELF = YES;
				CLANG_WARN_OBJC_LITERAL_CONVERSION = YES;
				CLANG_WARN_OBJC_ROOT_CLASS = YES_ERROR;
				CLANG_WARN_QUOTED_INCLUDE_IN_FRAMEWORK_HEADER = YES;
				CLANG_WARN_RANGE_LOOP_ANALYSIS = YES;
				CLANG_WARN_STRICT_PROTOTYPES = YES;
				CLANG_WARN_SUSPICIOUS_MOVE = YES;
				CLANG_WARN_UNGUARDED_AVAILABILITY = YES_AGGRESSIVE;
				CLANG_WARN_UNREACHABLE_CODE = YES;
				CLANG_WARN__DUPLICATE_METHOD_MATCH = YES;
				COPY_PHASE_STRIP = NO;
				DEBUG_INFORMATION_FORMAT = dwarf;
				ENABLE_STRICT_OBJC_MSGSEND = YES;
				ENABLE_TESTABILITY = YES;
				GCC_C_LANGUAGE_STANDARD = gnu11;
				GCC_DYNAMIC_NO_PIC = NO;
				GCC_NO_COMMON_BLOCKS = YES;
				GCC_OPTIMIZATION_LEVEL = 0;
				GCC_PREPROCESSOR_DEFINITIONS = (
					"DEBUG=1",
					"$(inherited)",
				);
				GCC_WARN_64_TO_32_BIT_CONVERSION = YES;
				GCC_WARN_ABOUT_RETURN_TYPE = YES_ERROR;
				GCC_WARN_UNDECLARED_SELECTOR = YES;
				GCC_WARN_UNINITIALIZED_AUTOS = YES_AGGRESSIVE;
				GCC_WARN_UNUSED_FUNCTION = YES;
				GCC_WARN_UNUSED_VARIABLE = YES;
				IPHONEOS_DEPLOYMENT_TARGET = 16.0;
				MTL_ENABLE_DEBUG_INFO = INCLUDE_SOURCE;
				MTL_FAST_MATH = YES;
				ONLY_ACTIVE_ARCH = YES;
				SDKROOT = iphoneos;
				SWIFT_ACTIVE_COMPILATION_CONDITIONS = DEBUG;
				SWIFT_OPTIMIZATION_LEVEL = "-Onone";
			};
			name = Debug;
		};
		ABBC6EEE2A56BBAD009D655C /* Release */ = {
			isa = XCBuildConfiguration;
			buildSettings = {
				ALWAYS_SEARCH_USER_PATHS = NO;
				CLANG_ANALYZER_NONNULL = YES;
				CLANG_ANALYZER_NUMBER_OBJECT_CONVERSION = YES_AGGRESSIVE;
				CLANG_CXX_LANGUAGE_STANDARD = "gnu++20";
				CLANG_ENABLE_MODULES = YES;
				CLANG_ENABLE_OBJC_ARC = YES;
				CLANG_ENABLE_OBJC_WEAK = YES;
				CLANG_WARN_BLOCK_CAPTURE_AUTORELEASING = YES;
				CLANG_WARN_BOOL_CONVERSION = YES;
				CLANG_WARN_COMMA = YES;
				CLANG_WARN_CONSTANT_CONVERSION = YES;
				CLANG_WARN_DEPRECATED_OBJC_IMPLEMENTATIONS = YES;
				CLANG_WARN_DIRECT_OBJC_ISA_USAGE = YES_ERROR;
				CLANG_WARN_DOCUMENTATION_COMMENTS = YES;
				CLANG_WARN_EMPTY_BODY = YES;
				CLANG_WARN_ENUM_CONVERSION = YES;
				CLANG_WARN_INFINITE_RECURSION = YES;
				CLANG_WARN_INT_CONVERSION = YES;
				CLANG_WARN_NON_LITERAL_NULL_CONVERSION = YES;
				CLANG_WARN_OBJC_IMPLICIT_RETAIN_SELF = YES;
				CLANG_WARN_OBJC_LITERAL_CONVERSION = YES;
				CLANG_WARN_OBJC_ROOT_CLASS = YES_ERROR;
				CLANG_WARN_QUOTED_INCLUDE_IN_FRAMEWORK_HEADER = YES;
				CLANG_WARN_RANGE_LOOP_ANALYSIS = YES;
				CLANG_WARN_STRICT_PROTOTYPES = YES;
				CLANG_WARN_SUSPICIOUS_MOVE = YES;
				CLANG_WARN_UNGUARDED_AVAILABILITY = YES_AGGRESSIVE;
				CLANG_WARN_UNREACHABLE_CODE = YES;
				CLANG_WARN__DUPLICATE_METHOD_MATCH = YES;
				COPY_PHASE_STRIP = NO;
				DEBUG_INFORMATION_FORMAT = "dwarf-with-dsym";
				ENABLE_NS_ASSERTIONS = NO;
				ENABLE_STRICT_OBJC_MSGSEND = YES;
				GCC_C_LANGUAGE_STANDARD = gnu11;
				GCC_NO_COMMON_BLOCKS = YES;
				GCC_WARN_64_TO_32_BIT_CONVERSION = YES;
				GCC_WARN_ABOUT_RETURN_TYPE = YES_ERROR;
				GCC_WARN_UNDECLARED_SELECTOR = YES;
				GCC_WARN_UNINITIALIZED_AUTOS = YES_AGGRESSIVE;
				GCC_WARN_UNUSED_FUNCTION = YES;
				GCC_WARN_UNUSED_VARIABLE = YES;
				IPHONEOS_DEPLOYMENT_TARGET = 16.0;
				MTL_ENABLE_DEBUG_INFO = NO;
				MTL_FAST_MATH = YES;
				SDKROOT = iphoneos;
				SWIFT_COMPILATION_MODE = wholemodule;
				SWIFT_OPTIMIZATION_LEVEL = "-O";
				VALIDATE_PRODUCT = YES;
			};
			name = Release;
		};
		ABBC6EF02A56BBAD009D655C /* Debug */ = {
			isa = XCBuildConfiguration;
			buildSettings = {
				ASSETCATALOG_COMPILER_APPICON_NAME = AppIcon;
				ASSETCATALOG_COMPILER_GLOBAL_ACCENT_COLOR_NAME = AccentColor;
				CODE_SIGN_STYLE = Automatic;
				CURRENT_PROJECT_VERSION = 1;
				DEVELOPMENT_TEAM = PF6GCM4LDS;
				GENERATE_INFOPLIST_FILE = YES;
				INFOPLIST_FILE = BookShop/Info.plist;
				INFOPLIST_KEY_UIApplicationSupportsIndirectInputEvents = YES;
				INFOPLIST_KEY_UILaunchStoryboardName = LaunchScreen;
				INFOPLIST_KEY_UISupportedInterfaceOrientations_iPad = "UIInterfaceOrientationPortrait UIInterfaceOrientationPortraitUpsideDown UIInterfaceOrientationLandscapeLeft UIInterfaceOrientationLandscapeRight";
				INFOPLIST_KEY_UISupportedInterfaceOrientations_iPhone = "UIInterfaceOrientationPortrait UIInterfaceOrientationLandscapeLeft UIInterfaceOrientationLandscapeRight";
				LD_RUNPATH_SEARCH_PATHS = (
					"$(inherited)",
					"@executable_path/Frameworks",
				);
				MARKETING_VERSION = 1.0;
				PRODUCT_BUNDLE_IDENTIFIER = co.petroyurkiv.BookShop;
				PRODUCT_NAME = "$(TARGET_NAME)";
				SUPPORTED_PLATFORMS = "iphoneos iphonesimulator";
				SUPPORTS_MACCATALYST = NO;
				SUPPORTS_MAC_DESIGNED_FOR_IPHONE_IPAD = YES;
				SWIFT_EMIT_LOC_STRINGS = YES;
				SWIFT_VERSION = 5.0;
				TARGETED_DEVICE_FAMILY = 1;
			};
			name = Debug;
		};
		ABBC6EF12A56BBAD009D655C /* Release */ = {
			isa = XCBuildConfiguration;
			buildSettings = {
				ASSETCATALOG_COMPILER_APPICON_NAME = AppIcon;
				ASSETCATALOG_COMPILER_GLOBAL_ACCENT_COLOR_NAME = AccentColor;
				CODE_SIGN_STYLE = Automatic;
				CURRENT_PROJECT_VERSION = 1;
				DEVELOPMENT_TEAM = PF6GCM4LDS;
				GENERATE_INFOPLIST_FILE = YES;
				INFOPLIST_FILE = BookShop/Info.plist;
				INFOPLIST_KEY_UIApplicationSupportsIndirectInputEvents = YES;
				INFOPLIST_KEY_UILaunchStoryboardName = LaunchScreen;
				INFOPLIST_KEY_UISupportedInterfaceOrientations_iPad = "UIInterfaceOrientationPortrait UIInterfaceOrientationPortraitUpsideDown UIInterfaceOrientationLandscapeLeft UIInterfaceOrientationLandscapeRight";
				INFOPLIST_KEY_UISupportedInterfaceOrientations_iPhone = "UIInterfaceOrientationPortrait UIInterfaceOrientationLandscapeLeft UIInterfaceOrientationLandscapeRight";
				LD_RUNPATH_SEARCH_PATHS = (
					"$(inherited)",
					"@executable_path/Frameworks",
				);
				MARKETING_VERSION = 1.0;
				PRODUCT_BUNDLE_IDENTIFIER = co.petroyurkiv.BookShop;
				PRODUCT_NAME = "$(TARGET_NAME)";
				SUPPORTED_PLATFORMS = "iphoneos iphonesimulator";
				SUPPORTS_MACCATALYST = NO;
				SUPPORTS_MAC_DESIGNED_FOR_IPHONE_IPAD = YES;
				SWIFT_EMIT_LOC_STRINGS = YES;
				SWIFT_VERSION = 5.0;
				TARGETED_DEVICE_FAMILY = 1;
			};
			name = Release;
		};
/* End XCBuildConfiguration section */

/* Begin XCConfigurationList section */
		ABBC6ED32A56BBA8009D655C /* Build configuration list for PBXProject "BookShop" */ = {
			isa = XCConfigurationList;
			buildConfigurations = (
				ABBC6EED2A56BBAD009D655C /* Debug */,
				ABBC6EEE2A56BBAD009D655C /* Release */,
			);
			defaultConfigurationIsVisible = 0;
			defaultConfigurationName = Release;
		};
		ABBC6EEF2A56BBAD009D655C /* Build configuration list for PBXNativeTarget "BookShop" */ = {
			isa = XCConfigurationList;
			buildConfigurations = (
				ABBC6EF02A56BBAD009D655C /* Debug */,
				ABBC6EF12A56BBAD009D655C /* Release */,
			);
			defaultConfigurationIsVisible = 0;
			defaultConfigurationName = Release;
		};
/* End XCConfigurationList section */

/* Begin XCVersionGroup section */
		ABBC6EE42A56BBA8009D655C /* BookShop.xcdatamodeld */ = {
			isa = XCVersionGroup;
			children = (
				ABBC6EE52A56BBA8009D655C /* BookShop.xcdatamodel */,
			);
			currentVersion = ABBC6EE52A56BBA8009D655C /* BookShop.xcdatamodel */;
			path = BookShop.xcdatamodeld;
			sourceTree = "<group>";
			versionGroupType = wrapper.xcdatamodel;
		};
/* End XCVersionGroup section */
	};
	rootObject = ABBC6ED02A56BBA8009D655C /* Project object */;
}
